
Microsoft Visual Studio Solution File, Format Version 12.00
# Visual Studio Version 17
VisualStudioVersion = 17.4.33403.182
MinimumVisualStudioVersion = 10.0.40219.1
Project("{FAE04EC0-301F-11D3-BF4B-00C04F79EFBC}") = "FindNumsInArray-cs", "FindNumsInArray-cs.csproj", "{908A550A-44F9-4DA1-AB7C-CAC66CB5AEAA}"
EndProject
Global
	GlobalSection(SolutionConfigurationPlatforms) = preSolution
		Debug|Any CPU = Debug|Any CPU
		Release|Any CPU = Release|Any CPU
	EndGlobalSection
	GlobalSection(ProjectConfigurationPlatforms) = postSolution
		{908A550A-44F9-4DA1-AB7C-CAC66CB5AEAA}.Debug|Any CPU.ActiveCfg = Debug|Any CPU
		{908A550A-44F9-4DA1-AB7C-CAC66CB5AEAA}.Debug|Any CPU.Build.0 = Debug|Any CPU
		{908A550A-44F9-4DA1-AB7C-CAC66CB5AEAA}.Release|Any CPU.ActiveCfg = Release|Any CPU
		{908A550A-44F9-4DA1-AB7C-CAC66CB5AEAA}.Release|Any CPU.Build.0 = Release|Any CPU
	EndGlobalSection
	GlobalSection(SolutionProperties) = preSolution
		HideSolutionNode = FALSE
	EndGlobalSection
	GlobalSection(ExtensibilityGlobals) = postSolution
		SolutionGuid = {DCA4519B-DADE-4DC4-ACFA-06E589BF7709}
	EndGlobalSection
EndGlobal
